
Microsoft Visual Studio Solution File, Format Version 12.00
# Visual Studio Version 16
VisualStudioVersion = 16.0.31410.357
MinimumVisualStudioVersion = 10.0.40219.1
Project("{FAE04EC0-301F-11D3-BF4B-00C04F79EFBC}") = "LoopCounting", "LoopCounting\LoopCounting.csproj", "{0B010ED1-A3D6-4623-9B91-E1B492DC537A}"
EndProject
Global
	GlobalSection(SolutionConfigurationPlatforms) = preSolution
		Debug|Any CPU = Debug|Any CPU
		Release|Any CPU = Release|Any CPU
	EndGlobalSection
	GlobalSection(ProjectConfigurationPlatforms) = postSolution
		{0B010ED1-A3D6-4623-9B91-E1B492DC537A}.Debug|Any CPU.ActiveCfg = Debug|Any CPU
		{0B010ED1-A3D6-4623-9B91-E1B492DC537A}.Debug|Any CPU.Build.0 = Debug|Any CPU
		{0B010ED1-A3D6-4623-9B91-E1B492DC537A}.Release|Any CPU.ActiveCfg = Release|Any CPU
		{0B010ED1-A3D6-4623-9B91-E1B492DC537A}.Release|Any CPU.Build.0 = Release|Any CPU
	EndGlobalSection
	GlobalSection(SolutionProperties) = preSolution
		HideSolutionNode = FALSE
	EndGlobalSection
	GlobalSection(ExtensibilityGlobals) = postSolution
		SolutionGuid = {554ABA3D-0FB9-4A04-898C-1BB8179F468C}
	EndGlobalSection
EndGlobal
