
Microsoft Visual Studio Solution File, Format Version 12.00
# Visual Studio Version 16
VisualStudioVersion = 16.0.31410.357
MinimumVisualStudioVersion = 10.0.40219.1
Project("{FAE04EC0-301F-11D3-BF4B-00C04F79EFBC}") = "passcode", "passcode\passcode.csproj", "{C0BAE7F7-7588-452B-9681-A10FA64A3B04}"
EndProject
Global
	GlobalSection(SolutionConfigurationPlatforms) = preSolution
		Debug|Any CPU = Debug|Any CPU
		Release|Any CPU = Release|Any CPU
	EndGlobalSection
	GlobalSection(ProjectConfigurationPlatforms) = postSolution
		{C0BAE7F7-7588-452B-9681-A10FA64A3B04}.Debug|Any CPU.ActiveCfg = Debug|Any CPU
		{C0BAE7F7-7588-452B-9681-A10FA64A3B04}.Debug|Any CPU.Build.0 = Debug|Any CPU
		{C0BAE7F7-7588-452B-9681-A10FA64A3B04}.Release|Any CPU.ActiveCfg = Release|Any CPU
		{C0BAE7F7-7588-452B-9681-A10FA64A3B04}.Release|Any CPU.Build.0 = Release|Any CPU
	EndGlobalSection
	GlobalSection(SolutionProperties) = preSolution
		HideSolutionNode = FALSE
	EndGlobalSection
	GlobalSection(ExtensibilityGlobals) = postSolution
		SolutionGuid = {DF5C2D06-48F4-48CA-8D73-99BD40AD55F8}
	EndGlobalSection
EndGlobal
